
Microsoft Visual Studio Solution File, Format Version 12.00
# Visual Studio Version 16
VisualStudioVersion = 16.0.31410.357
MinimumVisualStudioVersion = 10.0.40219.1
Project("{9A19103F-16F7-4668-BE54-9A1E7A4F7556}") = "Billing.App", "Billing.App\Billing.App.csproj", "{77EA7500-B7D6-4ABB-BDBD-04B97AEEAE54}"
EndProject
Project("{9A19103F-16F7-4668-BE54-9A1E7A4F7556}") = "Billing.Service", "Billing.Service\Billing.Service.csproj", "{317C0AA6-7E36-4A76-9612-E0ACB0B7748B}"
EndProject
Project("{9A19103F-16F7-4668-BE54-9A1E7A4F7556}") = "Billing.Shared", "Billing.Shared\Billing.Shared.csproj", "{59730F98-C612-45F3-87B8-FC1471818827}"
EndProject
Project("{9A19103F-16F7-4668-BE54-9A1E7A4F7556}") = "Scaffolder", "Scaffolder\Scaffolder.csproj", "{DDB28606-3C8B-4C4E-B4CD-AEF4DDE62310}"
EndProject
Global
	GlobalSection(SolutionConfigurationPlatforms) = preSolution
		Debug|Any CPU = Debug|Any CPU
		Release|Any CPU = Release|Any CPU
	EndGlobalSection
	GlobalSection(ProjectConfigurationPlatforms) = postSolution
		{77EA7500-B7D6-4ABB-BDBD-04B97AEEAE54}.Debug|Any CPU.ActiveCfg = Debug|Any CPU
		{77EA7500-B7D6-4ABB-BDBD-04B97AEEAE54}.Debug|Any CPU.Build.0 = Debug|Any CPU
		{77EA7500-B7D6-4ABB-BDBD-04B97AEEAE54}.Release|Any CPU.ActiveCfg = Release|Any CPU
		{77EA7500-B7D6-4ABB-BDBD-04B97AEEAE54}.Release|Any CPU.Build.0 = Release|Any CPU
		{317C0AA6-7E36-4A76-9612-E0ACB0B7748B}.Debug|Any CPU.ActiveCfg = Debug|Any CPU
		{317C0AA6-7E36-4A76-9612-E0ACB0B7748B}.Debug|Any CPU.Build.0 = Debug|Any CPU
		{317C0AA6-7E36-4A76-9612-E0ACB0B7748B}.Release|Any CPU.ActiveCfg = Release|Any CPU
		{317C0AA6-7E36-4A76-9612-E0ACB0B7748B}.Release|Any CPU.Build.0 = Release|Any CPU
		{59730F98-C612-45F3-87B8-FC1471818827}.Debug|Any CPU.ActiveCfg = Debug|Any CPU
		{59730F98-C612-45F3-87B8-FC1471818827}.Debug|Any CPU.Build.0 = Debug|Any CPU
		{59730F98-C612-45F3-87B8-FC1471818827}.Release|Any CPU.ActiveCfg = Release|Any CPU
		{59730F98-C612-45F3-87B8-FC1471818827}.Release|Any CPU.Build.0 = Release|Any CPU
		{DDB28606-3C8B-4C4E-B4CD-AEF4DDE62310}.Debug|Any CPU.ActiveCfg = Debug|Any CPU
		{DDB28606-3C8B-4C4E-B4CD-AEF4DDE62310}.Debug|Any CPU.Build.0 = Debug|Any CPU
		{DDB28606-3C8B-4C4E-B4CD-AEF4DDE62310}.Release|Any CPU.ActiveCfg = Release|Any CPU
		{DDB28606-3C8B-4C4E-B4CD-AEF4DDE62310}.Release|Any CPU.Build.0 = Release|Any CPU
	EndGlobalSection
	GlobalSection(SolutionProperties) = preSolution
		HideSolutionNode = FALSE
	EndGlobalSection
	GlobalSection(ExtensibilityGlobals) = postSolution
		SolutionGuid = {88F6C8AB-8D04-4B45-9020-4C0BA0B9A0E2}
	EndGlobalSection
EndGlobal
